# Run ./gradlew --write-locks to regenerate this file
com.atlassian.commonmark:commonmark:0.12.1 (1 constraints: 36052a3b)
com.fasterxml.jackson.core:jackson-annotations:2.15.2 (5 constraints: c15c5860)
com.fasterxml.jackson.core:jackson-core:2.15.2 (9 constraints: 11cbe3b3)
com.fasterxml.jackson.core:jackson-databind:2.15.2 (14 constraints: dd24e930)
com.fasterxml.jackson.dataformat:jackson-dataformat-cbor:2.15.2 (1 constraints: 7f1c9ea4)
com.fasterxml.jackson.dataformat:jackson-dataformat-smile:2.15.2 (1 constraints: 7f1c9ea4)
com.fasterxml.jackson.dataformat:jackson-dataformat-yaml:2.15.2 (1 constraints: 3c05403b)
com.fasterxml.jackson.datatype:jackson-datatype-guava:2.15.2 (1 constraints: 7f1c9ea4)
com.fasterxml.jackson.datatype:jackson-datatype-jdk8:2.15.2 (1 constraints: 7f1c9ea4)
com.fasterxml.jackson.datatype:jackson-datatype-joda:2.15.2 (1 constraints: 7f1c9ea4)
com.fasterxml.jackson.datatype:jackson-datatype-jsr310:2.15.2 (1 constraints: 7f1c9ea4)
com.fasterxml.jackson.module:jackson-module-afterburner:2.15.2 (1 constraints: 9b1c99a6)
com.google.code.findbugs:jsr305:3.0.2 (4 constraints: 422f9bdf)
com.google.errorprone:error_prone_annotations:2.18.0 (9 constraints: e48be4ec)
com.google.guava:failureaccess:1.0.1 (1 constraints: 140ae1b4)
com.google.guava:guava:32.1.1-jre (3 constraints: e730b395)
com.google.guava:listenablefuture:9999.0-empty-to-avoid-conflict-with-guava (1 constraints: bd17c918)
com.google.j2objc:j2objc-annotations:2.8 (1 constraints: be09f5a0)
com.palantir.conjure.java:conjure-lib:7.14.0 (1 constraints: 3e05593b)
com.palantir.conjure.java.api:errors:2.35.0 (1 constraints: 2210a1a9)
com.palantir.conjure.java.runtime:conjure-java-jackson-optimizations:7.58.0 (1 constraints: 8a1cd6a4)
com.palantir.conjure.java.runtime:conjure-java-jackson-serialization:7.58.0 (1 constraints: 4605753b)
com.palantir.goethe:goethe:0.11.0 (1 constraints: 3405263b)
com.palantir.ri:resource-identifier:2.6.0 (1 constraints: f00f7c99)
com.palantir.safe-logging:logger:3.5.0 (2 constraints: 232afd2b)
com.palantir.safe-logging:logger-slf4j:3.5.0 (1 constraints: 030e6242)
com.palantir.safe-logging:logger-spi:3.5.0 (2 constraints: 151e387b)
com.palantir.safe-logging:preconditions:3.6.0 (6 constraints: 475fbc9c)
com.palantir.safe-logging:safe-logging:3.6.0 (6 constraints: 0e5ecefd)
com.palantir.tokens:auth-tokens:3.18.0 (1 constraints: 2410a8a9)
com.palantir.tritium:tritium-registry:0.71.0 (2 constraints: bd216a77)
com.squareup:javapoet:1.13.0 (2 constraints: 2b113eee)
io.dropwizard.metrics:metrics-core:4.2.19 (1 constraints: ca1055b6)
joda-time:joda-time:2.10.14 (1 constraints: 5b160f08)
org.apache.commons:commons-lang3:3.12.0 (1 constraints: 38053b3b)
org.checkerframework:checker-qual:3.33.0 (1 constraints: 4b0a46bf)
org.immutables:value:2.9.3 (1 constraints: 10051336)
org.jetbrains:annotations:24.0.1 (3 constraints: 32262098)
org.slf4j:slf4j-api:1.7.36 (5 constraints: b2436564)
org.yaml:snakeyaml:2.0 (1 constraints: 3a178910)

[Test dependencies]
cglib:cglib-nodep:3.2.2 (1 constraints: 490ded24)
com.netflix.nebula:nebula-test:10.0.0 (1 constraints: 3305273b)
commons-io:commons-io:2.13.0 (1 constraints: 3805383b)
junit:junit:4.13.2 (3 constraints: a523497e)
net.bytebuddy:byte-buddy:1.14.5 (2 constraints: c116a74f)
net.bytebuddy:byte-buddy-agent:1.14.5 (1 constraints: 450b43de)
org.apiguardian:apiguardian-api:1.1.2 (6 constraints: 896455cc)
org.assertj:assertj-core:3.24.2 (1 constraints: 3d05473b)
org.codehaus.groovy:groovy:3.0.6 (2 constraints: 1e1b476d)
org.hamcrest:hamcrest:2.2 (1 constraints: d20cdc04)
org.hamcrest:hamcrest-core:1.3 (1 constraints: cc05fe3f)
org.junit.jupiter:junit-jupiter:5.10.0 (1 constraints: 3805413b)
org.junit.jupiter:junit-jupiter-api:5.10.0 (3 constraints: eb2fe84f)
org.junit.jupiter:junit-jupiter-engine:5.10.0 (1 constraints: 330efd49)
org.junit.jupiter:junit-jupiter-params:5.10.0 (1 constraints: 330efd49)
org.junit.platform:junit-platform-commons:1.10.0 (2 constraints: 2b211983)
org.junit.platform:junit-platform-engine:1.10.0 (3 constraints: ac2e4dc4)
org.junit.vintage:junit-vintage-engine:5.10.0 (1 constraints: 3805413b)
org.mockito:mockito-core:5.4.0 (1 constraints: 0b051036)
org.objenesis:objenesis:3.3 (2 constraints: 9b17f557)
org.opentest4j:opentest4j:1.3.0 (2 constraints: cf209249)
org.spockframework:spock-core:2.0-M4-groovy-3.0 (2 constraints: e822d65a)
org.spockframework:spock-junit4:2.0-M4-groovy-3.0 (1 constraints: 25115ddf)
