# Run ./gradlew --write-locks to regenerate this file
com.atlassian.commonmark:commonmark:0.12.1 (2 constraints: 511579d9)
com.fasterxml.jackson:jackson-bom:2.12.5 (12 constraints: a80bb11c)
com.fasterxml.jackson.core:jackson-annotations:2.12.5 (10 constraints: a5c08e21)
com.fasterxml.jackson.core:jackson-core:2.12.5 (14 constraints: 082ff3ea)
com.fasterxml.jackson.core:jackson-databind:2.12.5 (16 constraints: 853fb7e2)
com.fasterxml.jackson.dataformat:jackson-dataformat-cbor:2.12.5 (4 constraints: f5575495)
com.fasterxml.jackson.dataformat:jackson-dataformat-smile:2.12.5 (4 constraints: f5575495)
com.fasterxml.jackson.dataformat:jackson-dataformat-yaml:2.12.5 (3 constraints: 122404d5)
com.fasterxml.jackson.datatype:jackson-datatype-guava:2.12.5 (5 constraints: e963cdeb)
com.fasterxml.jackson.datatype:jackson-datatype-jdk8:2.12.5 (5 constraints: e963cdeb)
com.fasterxml.jackson.datatype:jackson-datatype-joda:2.12.5 (4 constraints: f5575495)
com.fasterxml.jackson.datatype:jackson-datatype-jsr310:2.12.5 (4 constraints: f5575495)
com.fasterxml.jackson.module:jackson-module-afterburner:2.12.5 (4 constraints: f5575495)
com.google.code.findbugs:jsr305:3.0.2 (8 constraints: a283c9dd)
com.google.errorprone:error_prone_annotations:2.10.0 (8 constraints: fe855e00)
com.google.guava:failureaccess:1.0.1 (6 constraints: f36e8132)
com.google.guava:guava:31.0.1-jre (7 constraints: e6893ba8)
com.google.guava:listenablefuture:9999.0-empty-to-avoid-conflict-with-guava (6 constraints: e9c012d6)
com.google.j2objc:j2objc-annotations:1.3 (6 constraints: cb6c8329)
com.palantir.conjure.java:conjure-lib:6.12.0 (3 constraints: 513e576d)
com.palantir.conjure.java.api:errors:2.22.0 (3 constraints: 30499d7d)
com.palantir.conjure.java.runtime:conjure-java-jackson-optimizations:7.22.0 (2 constraints: a32c2039)
com.palantir.conjure.java.runtime:conjure-java-jackson-serialization:7.22.0 (2 constraints: 5f151cdb)
com.palantir.goethe:goethe:0.5.0 (3 constraints: 8125d21f)
com.palantir.ri:resource-identifier:2.1.0 (3 constraints: 97486bc9)
com.palantir.safe-logging:preconditions:1.20.0 (7 constraints: e27c6dc9)
com.palantir.safe-logging:safe-logging:1.20.0 (6 constraints: d67a199c)
com.palantir.tokens:auth-tokens:3.10.0 (3 constraints: 2a49bd7b)
com.palantir.tritium:tritium-registry:0.36.0 (4 constraints: 6a4e05de)
com.squareup:javapoet:1.13.0 (4 constraints: 053263a3)
io.dropwizard.metrics:metrics-core:4.1.2 (4 constraints: 3a594983)
jakarta.annotation:jakarta.annotation-api:1.3.5 (3 constraints: a948e7ce)
jakarta.ws.rs:jakarta.ws.rs-api:2.1.6 (3 constraints: a948e7ce)
joda-time:joda-time:2.10.13 (4 constraints: f05f74fc)
org.apache.commons:commons-lang3:3.12.0 (2 constraints: 5515f9d9)
org.checkerframework:checker-qual:3.19.0 (6 constraints: 4770ff61)
org.immutables:value:2.8.8 (5 constraints: 725e63a7)
org.slf4j:slf4j-api:1.7.32 (7 constraints: a57c10be)
org.yaml:snakeyaml:1.27 (2 constraints: 35279cd0)

[Test dependencies]
cglib:cglib-nodep:3.3.0 (2 constraints: 7a1acf3c)
com.netflix.nebula:nebula-test:10.0.0 (1 constraints: 3305273b)
commons-io:commons-io:2.11.0 (1 constraints: 3605323b)
junit:junit:4.13.2 (4 constraints: 5d32c4c6)
net.bytebuddy:byte-buddy:1.12.6 (3 constraints: 99297669)
net.bytebuddy:byte-buddy-agent:1.12.4 (1 constraints: 420b3cde)
org.assertj:assertj-core:3.22.0 (2 constraints: 65174647)
org.codehaus.groovy:groovy:3.0.6 (2 constraints: 1e1b476d)
org.hamcrest:hamcrest:2.2 (1 constraints: d20cdc04)
org.hamcrest:hamcrest-core:1.3 (1 constraints: cc05fe3f)
org.jetbrains:annotations:19.0.0 (1 constraints: 660d8f2c)
org.junit:junit-bom:5.8.2 (11 constraints: 4bb24039)
org.junit.jupiter:junit-jupiter:5.8.2 (2 constraints: 260e7a59)
org.junit.jupiter:junit-jupiter-api:5.8.2 (4 constraints: 8b385c34)
org.junit.jupiter:junit-jupiter-engine:5.8.2 (2 constraints: 2117d23c)
org.junit.jupiter:junit-jupiter-params:5.8.2 (2 constraints: 2117d23c)
org.junit.platform:junit-platform-commons:1.8.2 (3 constraints: ee29ed2b)
org.junit.platform:junit-platform-engine:1.8.2 (4 constraints: 863c7bdc)
org.junit.platform:junit-platform-launcher:1.8.2 (2 constraints: 121b944a)
org.junit.platform:junit-platform-testkit:1.8.2 (1 constraints: 12097995)
org.junit.vintage:junit-vintage-engine:5.8.2 (2 constraints: 260e7a59)
org.mockito:mockito-core:4.2.0 (1 constraints: 08050536)
org.objenesis:objenesis:3.2 (3 constraints: 6b2483ae)
org.opentest4j:opentest4j:1.2.0 (3 constraints: c53224a1)
org.ow2.asm:asm:9.0 (1 constraints: d70cef04)
org.spockframework:spock-core:2.0-M4-groovy-3.0 (2 constraints: e822d65a)
org.spockframework:spock-junit4:2.0-M4-groovy-3.0 (1 constraints: 25115ddf)
